
Microsoft Visual Studio Solution File, Format Version 12.00
# Visual Studio 2012
Project("{A0786B88-2ADB-4C21-ABE8-AA2D79766269}") = "wz2100-database-project", "wz2100-database-project\wz2100-database-project.phpproj", "{0901809D-0575-4290-AFC8-EA480BA54170}"
EndProject
Global
	GlobalSection(SolutionConfigurationPlatforms) = preSolution
		Debug|Any CPU = Debug|Any CPU
		Release|Any CPU = Release|Any CPU
	EndGlobalSection
	GlobalSection(ProjectConfigurationPlatforms) = postSolution
		{0901809D-0575-4290-AFC8-EA480BA54170}.Debug|Any CPU.ActiveCfg = Debug|Any CPU
		{0901809D-0575-4290-AFC8-EA480BA54170}.Debug|Any CPU.Build.0 = Debug|Any CPU
		{0901809D-0575-4290-AFC8-EA480BA54170}.Release|Any CPU.ActiveCfg = Release|Any CPU
		{0901809D-0575-4290-AFC8-EA480BA54170}.Release|Any CPU.Build.0 = Release|Any CPU
	EndGlobalSection
	GlobalSection(SolutionProperties) = preSolution
		HideSolutionNode = FALSE
	EndGlobalSection
EndGlobal
