
Microsoft Visual Studio Solution File, Format Version 12.00
# Visual Studio 2012
Project("{FAE04EC0-301F-11D3-BF4B-00C04F79EFBC}") = "po_to_js", "po_to_js\po_to_js.csproj", "{D5D1FAFF-8B39-4677-9E4F-C02D5A75C054}"
EndProject
Global
	GlobalSection(SolutionConfigurationPlatforms) = preSolution
		Debug|Any CPU = Debug|Any CPU
		Release|Any CPU = Release|Any CPU
	EndGlobalSection
	GlobalSection(ProjectConfigurationPlatforms) = postSolution
		{D5D1FAFF-8B39-4677-9E4F-C02D5A75C054}.Debug|Any CPU.ActiveCfg = Debug|Any CPU
		{D5D1FAFF-8B39-4677-9E4F-C02D5A75C054}.Debug|Any CPU.Build.0 = Debug|Any CPU
		{D5D1FAFF-8B39-4677-9E4F-C02D5A75C054}.Release|Any CPU.ActiveCfg = Release|Any CPU
		{D5D1FAFF-8B39-4677-9E4F-C02D5A75C054}.Release|Any CPU.Build.0 = Release|Any CPU
	EndGlobalSection
	GlobalSection(SolutionProperties) = preSolution
		HideSolutionNode = FALSE
	EndGlobalSection
EndGlobal
